
Microsoft Visual Studio Solution File, Format Version 12.00
# Visual Studio Version 17
VisualStudioVersion = 17.11.35222.181
MinimumVisualStudioVersion = 10.0.40219.1
Project("{FAE04EC0-301F-11D3-BF4B-00C04F79EFBC}") = "TransTracker", "TransTracker\TransTracker.csproj", "{5E50FEF3-46EF-436F-B19B-BED0F6C82DEF}"
EndProject
Global
	GlobalSection(SolutionConfigurationPlatforms) = preSolution
		Debug|Any CPU = Debug|Any CPU
		Release|Any CPU = Release|Any CPU
	EndGlobalSection
	GlobalSection(ProjectConfigurationPlatforms) = postSolution
		{5E50FEF3-46EF-436F-B19B-BED0F6C82DEF}.Debug|Any CPU.ActiveCfg = Debug|Any CPU
		{5E50FEF3-46EF-436F-B19B-BED0F6C82DEF}.Debug|Any CPU.Build.0 = Debug|Any CPU
		{5E50FEF3-46EF-436F-B19B-BED0F6C82DEF}.Debug|Any CPU.Deploy.0 = Debug|Any CPU
		{5E50FEF3-46EF-436F-B19B-BED0F6C82DEF}.Release|Any CPU.ActiveCfg = Release|Any CPU
		{5E50FEF3-46EF-436F-B19B-BED0F6C82DEF}.Release|Any CPU.Build.0 = Release|Any CPU
		{5E50FEF3-46EF-436F-B19B-BED0F6C82DEF}.Release|Any CPU.Deploy.0 = Release|Any CPU
	EndGlobalSection
	GlobalSection(SolutionProperties) = preSolution
		HideSolutionNode = FALSE
	EndGlobalSection
	GlobalSection(ExtensibilityGlobals) = postSolution
		SolutionGuid = {D2D9A464-463C-47B1-8FA7-C98451A4D849}
	EndGlobalSection
EndGlobal
